
Microsoft Visual Studio Solution File, Format Version 12.00
# Visual Studio Version 17
VisualStudioVersion = 17.0.31903.59
MinimumVisualStudioVersion = 10.0.40219.1
Project("{2150E333-8FDC-42A3-9474-1A3956D46DE8}") = "src", "src", "{2936409F-BC0E-416C-BE68-7E2291FFB5D7}"
EndProject
Project("{2150E333-8FDC-42A3-9474-1A3956D46DE8}") = "tests", "tests", "{DEF1D00F-2DA2-4155-848E-C3AF4D57FC61}"
EndProject
Project("{9A19103F-16F7-4668-BE54-9A1E7A4F7556}") = "Money.Infrastructure", "src\Money.Infrastructure\Money.Infrastructure.csproj", "{4902EC5B-BDC6-4B0B-A299-9EEC3DBDD789}"
EndProject
Project("{9A19103F-16F7-4668-BE54-9A1E7A4F7556}") = "Money.API", "src\Money.API\Money.API.csproj", "{DB252F14-B360-4CBB-A127-2D42EE0228C1}"
EndProject
Project("{9A19103F-16F7-4668-BE54-9A1E7A4F7556}") = "Money.Domain", "src\Money.Domain\Money.Domain.csproj", "{FBBE3F0B-27F2-4DA6-812A-FC831F9DB0F4}"
EndProject
Project("{FAE04EC0-301F-11D3-BF4B-00C04F79EFBC}") = "Money.UnitTests", "tests\Money.UnitTests\Money.UnitTests.csproj", "{82CDAC48-E07A-422B-B2A6-6E7D3592A6A3}"
EndProject
Project("{FAE04EC0-301F-11D3-BF4B-00C04F79EFBC}") = "Money.IntegrationTests", "tests\Money.IntegrationTests\Money.IntegrationTests.csproj", "{D19BE096-952E-44FC-BFA7-D8DAAFFC4C14}"
EndProject
Project("{FAE04EC0-301F-11D3-BF4B-00C04F79EFBC}") = "Money.TestsShared", "tests\Money.TestsShared\Money.TestsShared.csproj", "{7F3CC1C0-862C-4354-AF7E-C98D8F968013}"
EndProject
Global
	GlobalSection(SolutionConfigurationPlatforms) = preSolution
		Debug|Any CPU = Debug|Any CPU
		Release|Any CPU = Release|Any CPU
	EndGlobalSection
	GlobalSection(ProjectConfigurationPlatforms) = postSolution
		{4902EC5B-BDC6-4B0B-A299-9EEC3DBDD789}.Debug|Any CPU.ActiveCfg = Debug|Any CPU
		{4902EC5B-BDC6-4B0B-A299-9EEC3DBDD789}.Debug|Any CPU.Build.0 = Debug|Any CPU
		{4902EC5B-BDC6-4B0B-A299-9EEC3DBDD789}.Release|Any CPU.ActiveCfg = Release|Any CPU
		{4902EC5B-BDC6-4B0B-A299-9EEC3DBDD789}.Release|Any CPU.Build.0 = Release|Any CPU
		{DB252F14-B360-4CBB-A127-2D42EE0228C1}.Debug|Any CPU.ActiveCfg = Debug|Any CPU
		{DB252F14-B360-4CBB-A127-2D42EE0228C1}.Debug|Any CPU.Build.0 = Debug|Any CPU
		{DB252F14-B360-4CBB-A127-2D42EE0228C1}.Release|Any CPU.ActiveCfg = Release|Any CPU
		{DB252F14-B360-4CBB-A127-2D42EE0228C1}.Release|Any CPU.Build.0 = Release|Any CPU
		{FBBE3F0B-27F2-4DA6-812A-FC831F9DB0F4}.Debug|Any CPU.ActiveCfg = Debug|Any CPU
		{FBBE3F0B-27F2-4DA6-812A-FC831F9DB0F4}.Debug|Any CPU.Build.0 = Debug|Any CPU
		{FBBE3F0B-27F2-4DA6-812A-FC831F9DB0F4}.Release|Any CPU.ActiveCfg = Release|Any CPU
		{FBBE3F0B-27F2-4DA6-812A-FC831F9DB0F4}.Release|Any CPU.Build.0 = Release|Any CPU
		{82CDAC48-E07A-422B-B2A6-6E7D3592A6A3}.Debug|Any CPU.ActiveCfg = Debug|Any CPU
		{82CDAC48-E07A-422B-B2A6-6E7D3592A6A3}.Debug|Any CPU.Build.0 = Debug|Any CPU
		{82CDAC48-E07A-422B-B2A6-6E7D3592A6A3}.Release|Any CPU.ActiveCfg = Release|Any CPU
		{82CDAC48-E07A-422B-B2A6-6E7D3592A6A3}.Release|Any CPU.Build.0 = Release|Any CPU
		{D19BE096-952E-44FC-BFA7-D8DAAFFC4C14}.Debug|Any CPU.ActiveCfg = Debug|Any CPU
		{D19BE096-952E-44FC-BFA7-D8DAAFFC4C14}.Debug|Any CPU.Build.0 = Debug|Any CPU
		{D19BE096-952E-44FC-BFA7-D8DAAFFC4C14}.Release|Any CPU.ActiveCfg = Release|Any CPU
		{D19BE096-952E-44FC-BFA7-D8DAAFFC4C14}.Release|Any CPU.Build.0 = Release|Any CPU
		{7F3CC1C0-862C-4354-AF7E-C98D8F968013}.Debug|Any CPU.ActiveCfg = Debug|Any CPU
		{7F3CC1C0-862C-4354-AF7E-C98D8F968013}.Debug|Any CPU.Build.0 = Debug|Any CPU
		{7F3CC1C0-862C-4354-AF7E-C98D8F968013}.Release|Any CPU.ActiveCfg = Release|Any CPU
		{7F3CC1C0-862C-4354-AF7E-C98D8F968013}.Release|Any CPU.Build.0 = Release|Any CPU
	EndGlobalSection
	GlobalSection(SolutionProperties) = preSolution
		HideSolutionNode = FALSE
	EndGlobalSection
	GlobalSection(NestedProjects) = preSolution
		{4902EC5B-BDC6-4B0B-A299-9EEC3DBDD789} = {2936409F-BC0E-416C-BE68-7E2291FFB5D7}
		{DB252F14-B360-4CBB-A127-2D42EE0228C1} = {2936409F-BC0E-416C-BE68-7E2291FFB5D7}
		{FBBE3F0B-27F2-4DA6-812A-FC831F9DB0F4} = {2936409F-BC0E-416C-BE68-7E2291FFB5D7}
		{82CDAC48-E07A-422B-B2A6-6E7D3592A6A3} = {DEF1D00F-2DA2-4155-848E-C3AF4D57FC61}
		{D19BE096-952E-44FC-BFA7-D8DAAFFC4C14} = {DEF1D00F-2DA2-4155-848E-C3AF4D57FC61}
		{7F3CC1C0-862C-4354-AF7E-C98D8F968013} = {DEF1D00F-2DA2-4155-848E-C3AF4D57FC61}
	EndGlobalSection
	GlobalSection(ExtensibilityGlobals) = postSolution
		SolutionGuid = {8644828E-EB01-4349-8CB3-5D3CFE7960E2}
	EndGlobalSection
EndGlobal
